
Microsoft Visual Studio Solution File, Format Version 12.00
# Visual Studio 15
VisualStudioVersion = 15.0.28010.2016
MinimumVisualStudioVersion = 10.0.40219.1
Project("{FAE04EC0-301F-11D3-BF4B-00C04F79EFBC}") = "Raktar", "Raktar\Raktar.csproj", "{23F7C22B-82BA-40CE-B1F6-D8DFB2DE6F8D}"
EndProject
Global
	GlobalSection(SolutionConfigurationPlatforms) = preSolution
		Debug|Any CPU = Debug|Any CPU
		Release|Any CPU = Release|Any CPU
	EndGlobalSection
	GlobalSection(ProjectConfigurationPlatforms) = postSolution
		{23F7C22B-82BA-40CE-B1F6-D8DFB2DE6F8D}.Debug|Any CPU.ActiveCfg = Debug|Any CPU
		{23F7C22B-82BA-40CE-B1F6-D8DFB2DE6F8D}.Debug|Any CPU.Build.0 = Debug|Any CPU
		{23F7C22B-82BA-40CE-B1F6-D8DFB2DE6F8D}.Release|Any CPU.ActiveCfg = Release|Any CPU
		{23F7C22B-82BA-40CE-B1F6-D8DFB2DE6F8D}.Release|Any CPU.Build.0 = Release|Any CPU
	EndGlobalSection
	GlobalSection(SolutionProperties) = preSolution
		HideSolutionNode = FALSE
	EndGlobalSection
	GlobalSection(ExtensibilityGlobals) = postSolution
		SolutionGuid = {9A712211-A542-4DCF-93C7-E3F1AE0948FE}
	EndGlobalSection
EndGlobal
